
Microsoft Visual Studio Solution File, Format Version 12.00
# Visual Studio Version 17
VisualStudioVersion = 17.3.32929.385
MinimumVisualStudioVersion = 10.0.40219.1
Project("{FAE04EC0-301F-11D3-BF4B-00C04F79EFBC}") = "CdrNet.UI.ConsoleApp", "CdrNet.UI.ConsoleApp\CdrNet.UI.ConsoleApp.csproj", "{8D1ADA4F-8CFD-492F-B85D-289E28A70AD7}"
EndProject
Project("{FAE04EC0-301F-11D3-BF4B-00C04F79EFBC}") = "CdrNet.Business", "CdrNet.Business\CdrNet.Business.csproj", "{3A6047BF-6080-4BD8-8506-1E9CCFA1A919}"
EndProject
Project("{FAE04EC0-301F-11D3-BF4B-00C04F79EFBC}") = "CdrNet.Data.Txt", "CdrNet.Data.Txt\CdrNet.Data.Txt.csproj", "{A9721449-E625-463B-927C-CC4C1023F118}"
EndProject
Project("{2150E333-8FDC-42A3-9474-1A3956D46DE8}") = "Solution Items", "Solution Items", "{0896DCF5-1060-4968-B42F-FB02654CBE07}"
	ProjectSection(SolutionItems) = preProject
		LogServisi.txt = LogServisi.txt
	EndProjectSection
EndProject
Global
	GlobalSection(SolutionConfigurationPlatforms) = preSolution
		Debug|Any CPU = Debug|Any CPU
		Release|Any CPU = Release|Any CPU
	EndGlobalSection
	GlobalSection(ProjectConfigurationPlatforms) = postSolution
		{8D1ADA4F-8CFD-492F-B85D-289E28A70AD7}.Debug|Any CPU.ActiveCfg = Debug|Any CPU
		{8D1ADA4F-8CFD-492F-B85D-289E28A70AD7}.Debug|Any CPU.Build.0 = Debug|Any CPU
		{8D1ADA4F-8CFD-492F-B85D-289E28A70AD7}.Release|Any CPU.ActiveCfg = Release|Any CPU
		{8D1ADA4F-8CFD-492F-B85D-289E28A70AD7}.Release|Any CPU.Build.0 = Release|Any CPU
		{3A6047BF-6080-4BD8-8506-1E9CCFA1A919}.Debug|Any CPU.ActiveCfg = Debug|Any CPU
		{3A6047BF-6080-4BD8-8506-1E9CCFA1A919}.Debug|Any CPU.Build.0 = Debug|Any CPU
		{3A6047BF-6080-4BD8-8506-1E9CCFA1A919}.Release|Any CPU.ActiveCfg = Release|Any CPU
		{3A6047BF-6080-4BD8-8506-1E9CCFA1A919}.Release|Any CPU.Build.0 = Release|Any CPU
		{A9721449-E625-463B-927C-CC4C1023F118}.Debug|Any CPU.ActiveCfg = Debug|Any CPU
		{A9721449-E625-463B-927C-CC4C1023F118}.Debug|Any CPU.Build.0 = Debug|Any CPU
		{A9721449-E625-463B-927C-CC4C1023F118}.Release|Any CPU.ActiveCfg = Release|Any CPU
		{A9721449-E625-463B-927C-CC4C1023F118}.Release|Any CPU.Build.0 = Release|Any CPU
	EndGlobalSection
	GlobalSection(SolutionProperties) = preSolution
		HideSolutionNode = FALSE
	EndGlobalSection
	GlobalSection(ExtensibilityGlobals) = postSolution
		SolutionGuid = {AF3F3DDF-45EC-42D3-B819-22D2DC210404}
	EndGlobalSection
EndGlobal
